# THIS IS AN AUTOGENERATED FILE. DO NOT EDIT THIS FILE DIRECTLY.
# yarn lockfile v1


robot3@^0.1.0:
  version "0.1.0"
  resolved "https://registry.yarnpkg.com/robot3/-/robot3-0.1.0.tgz#837e6861f74ee9eccf02365d74e55e3d273d45ef"
  integrity sha512-+H5i3swOiSfiaLmkeKFKG3LJMj21PHs3sgA5NTnbSGKBEtxdAnoAjDe6my/7z/Yel002Bi8VNyTW732wy8l9Ig==
